
Microsoft Visual Studio Solution File, Format Version 12.00
# Visual Studio Version 16
VisualStudioVersion = 16.0.30907.101
MinimumVisualStudioVersion = 10.0.40219.1
Project("{9A19103F-16F7-4668-BE54-9A1E7A4F7556}") = "WebApplicationAPI", "WebApplicationAPI\WebApplicationAPI.csproj", "{AF55C6EF-AD87-4DF9-84D7-567DC0A96279}"
EndProject
Project("{9A19103F-16F7-4668-BE54-9A1E7A4F7556}") = "WebApplicationAPI.Model", "WebApplicationAPI.Model\WebApplicationAPI.Model.csproj", "{83364A49-3175-455F-A81B-550AABB9B2D2}"
EndProject
Project("{9A19103F-16F7-4668-BE54-9A1E7A4F7556}") = "WebApplicationAPI.Data", "WebApplicationAPI.Data\WebApplicationAPI.Data.csproj", "{CCF94257-B931-41CA-90D4-1EA1B2E59FE9}"
EndProject
Project("{FAE04EC0-301F-11D3-BF4B-00C04F79EFBC}") = "WebApplicationAPI.Business", "WebApplicationAPI.Business\WebApplicationAPI.Business.csproj", "{AED0AABD-73E2-4E93-AE86-6087A26C1F8E}"
EndProject
Global
	GlobalSection(SolutionConfigurationPlatforms) = preSolution
		Debug|Any CPU = Debug|Any CPU
		Release|Any CPU = Release|Any CPU
	EndGlobalSection
	GlobalSection(ProjectConfigurationPlatforms) = postSolution
		{AF55C6EF-AD87-4DF9-84D7-567DC0A96279}.Debug|Any CPU.ActiveCfg = Debug|Any CPU
		{AF55C6EF-AD87-4DF9-84D7-567DC0A96279}.Debug|Any CPU.Build.0 = Debug|Any CPU
		{AF55C6EF-AD87-4DF9-84D7-567DC0A96279}.Release|Any CPU.ActiveCfg = Release|Any CPU
		{AF55C6EF-AD87-4DF9-84D7-567DC0A96279}.Release|Any CPU.Build.0 = Release|Any CPU
		{83364A49-3175-455F-A81B-550AABB9B2D2}.Debug|Any CPU.ActiveCfg = Debug|Any CPU
		{83364A49-3175-455F-A81B-550AABB9B2D2}.Debug|Any CPU.Build.0 = Debug|Any CPU
		{83364A49-3175-455F-A81B-550AABB9B2D2}.Release|Any CPU.ActiveCfg = Release|Any CPU
		{83364A49-3175-455F-A81B-550AABB9B2D2}.Release|Any CPU.Build.0 = Release|Any CPU
		{CCF94257-B931-41CA-90D4-1EA1B2E59FE9}.Debug|Any CPU.ActiveCfg = Debug|Any CPU
		{CCF94257-B931-41CA-90D4-1EA1B2E59FE9}.Debug|Any CPU.Build.0 = Debug|Any CPU
		{CCF94257-B931-41CA-90D4-1EA1B2E59FE9}.Release|Any CPU.ActiveCfg = Release|Any CPU
		{CCF94257-B931-41CA-90D4-1EA1B2E59FE9}.Release|Any CPU.Build.0 = Release|Any CPU
		{AED0AABD-73E2-4E93-AE86-6087A26C1F8E}.Debug|Any CPU.ActiveCfg = Debug|Any CPU
		{AED0AABD-73E2-4E93-AE86-6087A26C1F8E}.Debug|Any CPU.Build.0 = Debug|Any CPU
		{AED0AABD-73E2-4E93-AE86-6087A26C1F8E}.Release|Any CPU.ActiveCfg = Release|Any CPU
		{AED0AABD-73E2-4E93-AE86-6087A26C1F8E}.Release|Any CPU.Build.0 = Release|Any CPU
	EndGlobalSection
	GlobalSection(SolutionProperties) = preSolution
		HideSolutionNode = FALSE
	EndGlobalSection
	GlobalSection(ExtensibilityGlobals) = postSolution
		SolutionGuid = {C1DD62DE-BD06-4054-A886-B1E430F03D89}
	EndGlobalSection
EndGlobal
